
Microsoft Visual Studio Solution File, Format Version 12.00
# Visual Studio 15
VisualStudioVersion = 15.0.27428.2002
MinimumVisualStudioVersion = 10.0.40219.1
Project("{FAE04EC0-301F-11D3-BF4B-00C04F79EFBC}") = "Messenger.Core", "Messenger\Messenger.Core.csproj", "{B1B90F64-BDA9-46E9-A0AA-35DDC501F152}"
EndProject
Global
	GlobalSection(SolutionConfigurationPlatforms) = preSolution
		Debug|Any CPU = Debug|Any CPU
		Release|Any CPU = Release|Any CPU
	EndGlobalSection
	GlobalSection(ProjectConfigurationPlatforms) = postSolution
		{B1B90F64-BDA9-46E9-A0AA-35DDC501F152}.Debug|Any CPU.ActiveCfg = Debug|Any CPU
		{B1B90F64-BDA9-46E9-A0AA-35DDC501F152}.Debug|Any CPU.Build.0 = Debug|Any CPU
		{B1B90F64-BDA9-46E9-A0AA-35DDC501F152}.Release|Any CPU.ActiveCfg = Release|Any CPU
		{B1B90F64-BDA9-46E9-A0AA-35DDC501F152}.Release|Any CPU.Build.0 = Release|Any CPU
	EndGlobalSection
	GlobalSection(SolutionProperties) = preSolution
		HideSolutionNode = FALSE
	EndGlobalSection
	GlobalSection(ExtensibilityGlobals) = postSolution
		SolutionGuid = {1543FD7C-D053-4E5D-8AD1-26C8E796DB69}
	EndGlobalSection
EndGlobal
